
Microsoft Visual Studio Solution File, Format Version 12.00
# Visual Studio 14
VisualStudioVersion = 14.0.25420.1
MinimumVisualStudioVersion = 10.0.40219.1
Project("{FAE04EC0-301F-11D3-BF4B-00C04F79EFBC}") = "第一题", "第一题\第一题.csproj", "{F786AC87-6254-4861-80A0-873972203360}"
EndProject
Project("{FAE04EC0-301F-11D3-BF4B-00C04F79EFBC}") = "2，3，4题", "2，3，4题\2，3，4题.csproj", "{84C28F3D-2032-423F-B519-52E38EC54073}"
EndProject
Project("{FAE04EC0-301F-11D3-BF4B-00C04F79EFBC}") = "第五题", "第五题\第五题.csproj", "{2F0F0B0A-1587-4E0B-97F5-198B70EBEBD8}"
EndProject
Project("{FAE04EC0-301F-11D3-BF4B-00C04F79EFBC}") = "第六题", "第六题\第六题.csproj", "{577467A4-E7D6-41C6-8875-55E7D5C3D6BE}"
EndProject
Global
	GlobalSection(SolutionConfigurationPlatforms) = preSolution
		Debug|Any CPU = Debug|Any CPU
		Release|Any CPU = Release|Any CPU
	EndGlobalSection
	GlobalSection(ProjectConfigurationPlatforms) = postSolution
		{F786AC87-6254-4861-80A0-873972203360}.Debug|Any CPU.ActiveCfg = Debug|Any CPU
		{F786AC87-6254-4861-80A0-873972203360}.Debug|Any CPU.Build.0 = Debug|Any CPU
		{F786AC87-6254-4861-80A0-873972203360}.Release|Any CPU.ActiveCfg = Release|Any CPU
		{F786AC87-6254-4861-80A0-873972203360}.Release|Any CPU.Build.0 = Release|Any CPU
		{84C28F3D-2032-423F-B519-52E38EC54073}.Debug|Any CPU.ActiveCfg = Debug|Any CPU
		{84C28F3D-2032-423F-B519-52E38EC54073}.Debug|Any CPU.Build.0 = Debug|Any CPU
		{84C28F3D-2032-423F-B519-52E38EC54073}.Release|Any CPU.ActiveCfg = Release|Any CPU
		{84C28F3D-2032-423F-B519-52E38EC54073}.Release|Any CPU.Build.0 = Release|Any CPU
		{2F0F0B0A-1587-4E0B-97F5-198B70EBEBD8}.Debug|Any CPU.ActiveCfg = Debug|Any CPU
		{2F0F0B0A-1587-4E0B-97F5-198B70EBEBD8}.Debug|Any CPU.Build.0 = Debug|Any CPU
		{2F0F0B0A-1587-4E0B-97F5-198B70EBEBD8}.Release|Any CPU.ActiveCfg = Release|Any CPU
		{2F0F0B0A-1587-4E0B-97F5-198B70EBEBD8}.Release|Any CPU.Build.0 = Release|Any CPU
		{577467A4-E7D6-41C6-8875-55E7D5C3D6BE}.Debug|Any CPU.ActiveCfg = Debug|Any CPU
		{577467A4-E7D6-41C6-8875-55E7D5C3D6BE}.Debug|Any CPU.Build.0 = Debug|Any CPU
		{577467A4-E7D6-41C6-8875-55E7D5C3D6BE}.Release|Any CPU.ActiveCfg = Release|Any CPU
		{577467A4-E7D6-41C6-8875-55E7D5C3D6BE}.Release|Any CPU.Build.0 = Release|Any CPU
	EndGlobalSection
	GlobalSection(SolutionProperties) = preSolution
		HideSolutionNode = FALSE
	EndGlobalSection
EndGlobal
